
Microsoft Visual Studio Solution File, Format Version 12.00
# Visual Studio Version 17
VisualStudioVersion = 17.8.34525.116
MinimumVisualStudioVersion = 10.0.40219.1
Project("{8BC9CEB8-8B4A-11D0-8D11-00A0C91BC942}") = "6.10.2025 Столбова и Кеткова", "6.10.2025 Столбова и Кеткова\6.10.2025 Столбова и Кеткова.vcxproj", "{471033FF-EB65-4D37-884B-E1F2BC09710C}"
EndProject
Global
	GlobalSection(SolutionConfigurationPlatforms) = preSolution
		Debug|x64 = Debug|x64
		Debug|x86 = Debug|x86
		Release|x64 = Release|x64
		Release|x86 = Release|x86
	EndGlobalSection
	GlobalSection(ProjectConfigurationPlatforms) = postSolution
		{471033FF-EB65-4D37-884B-E1F2BC09710C}.Debug|x64.ActiveCfg = Debug|x64
		{471033FF-EB65-4D37-884B-E1F2BC09710C}.Debug|x64.Build.0 = Debug|x64
		{471033FF-EB65-4D37-884B-E1F2BC09710C}.Debug|x86.ActiveCfg = Debug|Win32
		{471033FF-EB65-4D37-884B-E1F2BC09710C}.Debug|x86.Build.0 = Debug|Win32
		{471033FF-EB65-4D37-884B-E1F2BC09710C}.Release|x64.ActiveCfg = Release|x64
		{471033FF-EB65-4D37-884B-E1F2BC09710C}.Release|x64.Build.0 = Release|x64
		{471033FF-EB65-4D37-884B-E1F2BC09710C}.Release|x86.ActiveCfg = Release|Win32
		{471033FF-EB65-4D37-884B-E1F2BC09710C}.Release|x86.Build.0 = Release|Win32
	EndGlobalSection
	GlobalSection(SolutionProperties) = preSolution
		HideSolutionNode = FALSE
	EndGlobalSection
	GlobalSection(ExtensibilityGlobals) = postSolution
		SolutionGuid = {70AB7043-B6A0-418F-974E-5DE68B4E01D6}
	EndGlobalSection
EndGlobal
